
Microsoft Visual Studio Solution File, Format Version 12.00
# Visual Studio Version 17
VisualStudioVersion = 17.9.34723.18
MinimumVisualStudioVersion = 10.0.40219.1
Project("{FAE04EC0-301F-11D3-BF4B-00C04F79EFBC}") = "NotificationService", "NotificationService.csproj", "{C81F52A8-61C3-4F7F-A74E-62B91BE2C728}"
EndProject
Project("{FAE04EC0-301F-11D3-BF4B-00C04F79EFBC}") = "NotificationService.Domain", "..\NotificationService.Domain\NotificationService.Domain.csproj", "{BE593E9D-4617-4706-B854-06169C84AC2E}"
EndProject
Project("{FAE04EC0-301F-11D3-BF4B-00C04F79EFBC}") = "NotificationService.Persistence", "..\NotificationService.Persistence\NotificationService.Persistence.csproj", "{51FFB0A9-93F1-4AB5-9568-4313C87A12C1}"
EndProject
Project("{FAE04EC0-301F-11D3-BF4B-00C04F79EFBC}") = "NotificationService.Application", "..\NotificationService.Application\NotificationService.Application.csproj", "{73F7DC90-BD55-4A9C-9BA4-3F78DC6B1DB5}"
EndProject
Global
	GlobalSection(SolutionConfigurationPlatforms) = preSolution
		Debug|Any CPU = Debug|Any CPU
		Release|Any CPU = Release|Any CPU
	EndGlobalSection
	GlobalSection(ProjectConfigurationPlatforms) = postSolution
		{C81F52A8-61C3-4F7F-A74E-62B91BE2C728}.Debug|Any CPU.ActiveCfg = Debug|Any CPU
		{C81F52A8-61C3-4F7F-A74E-62B91BE2C728}.Debug|Any CPU.Build.0 = Debug|Any CPU
		{C81F52A8-61C3-4F7F-A74E-62B91BE2C728}.Release|Any CPU.ActiveCfg = Release|Any CPU
		{C81F52A8-61C3-4F7F-A74E-62B91BE2C728}.Release|Any CPU.Build.0 = Release|Any CPU
		{BE593E9D-4617-4706-B854-06169C84AC2E}.Debug|Any CPU.ActiveCfg = Debug|Any CPU
		{BE593E9D-4617-4706-B854-06169C84AC2E}.Debug|Any CPU.Build.0 = Debug|Any CPU
		{BE593E9D-4617-4706-B854-06169C84AC2E}.Release|Any CPU.ActiveCfg = Release|Any CPU
		{BE593E9D-4617-4706-B854-06169C84AC2E}.Release|Any CPU.Build.0 = Release|Any CPU
		{51FFB0A9-93F1-4AB5-9568-4313C87A12C1}.Debug|Any CPU.ActiveCfg = Debug|Any CPU
		{51FFB0A9-93F1-4AB5-9568-4313C87A12C1}.Debug|Any CPU.Build.0 = Debug|Any CPU
		{51FFB0A9-93F1-4AB5-9568-4313C87A12C1}.Release|Any CPU.ActiveCfg = Release|Any CPU
		{51FFB0A9-93F1-4AB5-9568-4313C87A12C1}.Release|Any CPU.Build.0 = Release|Any CPU
		{73F7DC90-BD55-4A9C-9BA4-3F78DC6B1DB5}.Debug|Any CPU.ActiveCfg = Debug|Any CPU
		{73F7DC90-BD55-4A9C-9BA4-3F78DC6B1DB5}.Debug|Any CPU.Build.0 = Debug|Any CPU
		{73F7DC90-BD55-4A9C-9BA4-3F78DC6B1DB5}.Release|Any CPU.ActiveCfg = Release|Any CPU
		{73F7DC90-BD55-4A9C-9BA4-3F78DC6B1DB5}.Release|Any CPU.Build.0 = Release|Any CPU
	EndGlobalSection
	GlobalSection(SolutionProperties) = preSolution
		HideSolutionNode = FALSE
	EndGlobalSection
	GlobalSection(ExtensibilityGlobals) = postSolution
		SolutionGuid = {4FE5EC38-960D-4478-B9E4-8F4C3A728CA6}
	EndGlobalSection
EndGlobal
